
Microsoft Visual Studio Solution File, Format Version 12.00
# Visual Studio Version 17
VisualStudioVersion = 17.11.35222.181
MinimumVisualStudioVersion = 10.0.40219.1
Project("{9A19103F-16F7-4668-BE54-9A1E7A4F7556}") = "HotelManagerMVC", "HotelManagerMVC\HotelManagerMVC.csproj", "{7AC4F24E-EB4E-4632-B676-FCFB32324199}"
EndProject
Project("{9A19103F-16F7-4668-BE54-9A1E7A4F7556}") = "HotelManager.Shared", "HotelManager.Shared\HotelManager.Shared.csproj", "{10B9C18F-6E51-4C6A-BD3E-125DC014583A}"
EndProject
Project("{9A19103F-16F7-4668-BE54-9A1E7A4F7556}") = "HotelManager.Services", "HotelManager.Services\HotelManager.Services.csproj", "{C72FE1EB-FC65-492F-8BC4-E11E92B1E9CE}"
EndProject
Project("{9A19103F-16F7-4668-BE54-9A1E7A4F7556}") = "HotelManager.Data", "HotelManager.Data\HotelManager.Data.csproj", "{44224B73-7805-4156-8E18-45CEDA458699}"
EndProject
Project("{9A19103F-16F7-4668-BE54-9A1E7A4F7556}") = "HotelManager.Tests", "HotelManager.Tests\HotelManager.Tests.csproj", "{9C2443B9-CF00-4432-9608-48E2AC0EAEC9}"
EndProject
Global
	GlobalSection(SolutionConfigurationPlatforms) = preSolution
		Debug|Any CPU = Debug|Any CPU
		Release|Any CPU = Release|Any CPU
	EndGlobalSection
	GlobalSection(ProjectConfigurationPlatforms) = postSolution
		{7AC4F24E-EB4E-4632-B676-FCFB32324199}.Debug|Any CPU.ActiveCfg = Debug|Any CPU
		{7AC4F24E-EB4E-4632-B676-FCFB32324199}.Debug|Any CPU.Build.0 = Debug|Any CPU
		{7AC4F24E-EB4E-4632-B676-FCFB32324199}.Release|Any CPU.ActiveCfg = Release|Any CPU
		{7AC4F24E-EB4E-4632-B676-FCFB32324199}.Release|Any CPU.Build.0 = Release|Any CPU
		{10B9C18F-6E51-4C6A-BD3E-125DC014583A}.Debug|Any CPU.ActiveCfg = Debug|Any CPU
		{10B9C18F-6E51-4C6A-BD3E-125DC014583A}.Debug|Any CPU.Build.0 = Debug|Any CPU
		{10B9C18F-6E51-4C6A-BD3E-125DC014583A}.Release|Any CPU.ActiveCfg = Release|Any CPU
		{10B9C18F-6E51-4C6A-BD3E-125DC014583A}.Release|Any CPU.Build.0 = Release|Any CPU
		{C72FE1EB-FC65-492F-8BC4-E11E92B1E9CE}.Debug|Any CPU.ActiveCfg = Debug|Any CPU
		{C72FE1EB-FC65-492F-8BC4-E11E92B1E9CE}.Debug|Any CPU.Build.0 = Debug|Any CPU
		{C72FE1EB-FC65-492F-8BC4-E11E92B1E9CE}.Release|Any CPU.ActiveCfg = Release|Any CPU
		{C72FE1EB-FC65-492F-8BC4-E11E92B1E9CE}.Release|Any CPU.Build.0 = Release|Any CPU
		{44224B73-7805-4156-8E18-45CEDA458699}.Debug|Any CPU.ActiveCfg = Debug|Any CPU
		{44224B73-7805-4156-8E18-45CEDA458699}.Debug|Any CPU.Build.0 = Debug|Any CPU
		{44224B73-7805-4156-8E18-45CEDA458699}.Release|Any CPU.ActiveCfg = Release|Any CPU
		{44224B73-7805-4156-8E18-45CEDA458699}.Release|Any CPU.Build.0 = Release|Any CPU
		{9C2443B9-CF00-4432-9608-48E2AC0EAEC9}.Debug|Any CPU.ActiveCfg = Debug|Any CPU
		{9C2443B9-CF00-4432-9608-48E2AC0EAEC9}.Debug|Any CPU.Build.0 = Debug|Any CPU
		{9C2443B9-CF00-4432-9608-48E2AC0EAEC9}.Release|Any CPU.ActiveCfg = Release|Any CPU
		{9C2443B9-CF00-4432-9608-48E2AC0EAEC9}.Release|Any CPU.Build.0 = Release|Any CPU
	EndGlobalSection
	GlobalSection(SolutionProperties) = preSolution
		HideSolutionNode = FALSE
	EndGlobalSection
	GlobalSection(ExtensibilityGlobals) = postSolution
		SolutionGuid = {C0891A88-96BB-41A5-A431-D32D53B05063}
	EndGlobalSection
EndGlobal
