
Microsoft Visual Studio Solution File, Format Version 12.00
# Visual Studio Version 17
VisualStudioVersion = 17.9.34902.65
MinimumVisualStudioVersion = 10.0.40219.1
Project("{9A19103F-16F7-4668-BE54-9A1E7A4F7556}") = "HotelManagerMVC", "HotelManagerMVC\HotelManagerMVC.csproj", "{B2949DA0-B98E-492C-9C19-B799DD3FD4AD}"
EndProject
Project("{9A19103F-16F7-4668-BE54-9A1E7A4F7556}") = "HotelManager.Shared", "HotelManager.Shared\HotelManager.Shared.csproj", "{729822A0-67A3-4913-9374-A4160E39961D}"
EndProject
Project("{9A19103F-16F7-4668-BE54-9A1E7A4F7556}") = "HotelManager.Data", "HotelManager.Data\HotelManager.Data.csproj", "{B34D24BF-7473-46AD-BF61-C51510B1C543}"
EndProject
Project("{9A19103F-16F7-4668-BE54-9A1E7A4F7556}") = "HotelManager.Services", "HotelManager.Service\HotelManager.Services.csproj", "{FD0A6867-89CA-4DC9-9F68-69DE610A6BFD}"
EndProject
Global
	GlobalSection(SolutionConfigurationPlatforms) = preSolution
		Debug|Any CPU = Debug|Any CPU
		Release|Any CPU = Release|Any CPU
	EndGlobalSection
	GlobalSection(ProjectConfigurationPlatforms) = postSolution
		{B2949DA0-B98E-492C-9C19-B799DD3FD4AD}.Debug|Any CPU.ActiveCfg = Debug|Any CPU
		{B2949DA0-B98E-492C-9C19-B799DD3FD4AD}.Debug|Any CPU.Build.0 = Debug|Any CPU
		{B2949DA0-B98E-492C-9C19-B799DD3FD4AD}.Release|Any CPU.ActiveCfg = Release|Any CPU
		{B2949DA0-B98E-492C-9C19-B799DD3FD4AD}.Release|Any CPU.Build.0 = Release|Any CPU
		{729822A0-67A3-4913-9374-A4160E39961D}.Debug|Any CPU.ActiveCfg = Debug|Any CPU
		{729822A0-67A3-4913-9374-A4160E39961D}.Debug|Any CPU.Build.0 = Debug|Any CPU
		{729822A0-67A3-4913-9374-A4160E39961D}.Release|Any CPU.ActiveCfg = Release|Any CPU
		{729822A0-67A3-4913-9374-A4160E39961D}.Release|Any CPU.Build.0 = Release|Any CPU
		{B34D24BF-7473-46AD-BF61-C51510B1C543}.Debug|Any CPU.ActiveCfg = Debug|Any CPU
		{B34D24BF-7473-46AD-BF61-C51510B1C543}.Debug|Any CPU.Build.0 = Debug|Any CPU
		{B34D24BF-7473-46AD-BF61-C51510B1C543}.Release|Any CPU.ActiveCfg = Release|Any CPU
		{B34D24BF-7473-46AD-BF61-C51510B1C543}.Release|Any CPU.Build.0 = Release|Any CPU
		{FD0A6867-89CA-4DC9-9F68-69DE610A6BFD}.Debug|Any CPU.ActiveCfg = Debug|Any CPU
		{FD0A6867-89CA-4DC9-9F68-69DE610A6BFD}.Debug|Any CPU.Build.0 = Debug|Any CPU
		{FD0A6867-89CA-4DC9-9F68-69DE610A6BFD}.Release|Any CPU.ActiveCfg = Release|Any CPU
		{FD0A6867-89CA-4DC9-9F68-69DE610A6BFD}.Release|Any CPU.Build.0 = Release|Any CPU
	EndGlobalSection
	GlobalSection(SolutionProperties) = preSolution
		HideSolutionNode = FALSE
	EndGlobalSection
	GlobalSection(ExtensibilityGlobals) = postSolution
		SolutionGuid = {44F1EFB2-0D67-4623-A476-AF9BAA0929F7}
	EndGlobalSection
EndGlobal
